
Microsoft Visual Studio Solution File, Format Version 12.00
# Visual Studio Version 17
VisualStudioVersion = 17.11.35222.181
MinimumVisualStudioVersion = 10.0.40219.1
Project("{FAE04EC0-301F-11D3-BF4B-00C04F79EFBC}") = "miPrimerProyecto", "miPrimerProyecto\miPrimerProyecto.csproj", "{38EE73EF-6A76-4D8E-A171-B23EB74115EF}"
EndProject
Global
	GlobalSection(SolutionConfigurationPlatforms) = preSolution
		Debug|Any CPU = Debug|Any CPU
		Release|Any CPU = Release|Any CPU
	EndGlobalSection
	GlobalSection(ProjectConfigurationPlatforms) = postSolution
		{38EE73EF-6A76-4D8E-A171-B23EB74115EF}.Debug|Any CPU.ActiveCfg = Debug|Any CPU
		{38EE73EF-6A76-4D8E-A171-B23EB74115EF}.Debug|Any CPU.Build.0 = Debug|Any CPU
		{38EE73EF-6A76-4D8E-A171-B23EB74115EF}.Release|Any CPU.ActiveCfg = Release|Any CPU
		{38EE73EF-6A76-4D8E-A171-B23EB74115EF}.Release|Any CPU.Build.0 = Release|Any CPU
	EndGlobalSection
	GlobalSection(SolutionProperties) = preSolution
		HideSolutionNode = FALSE
	EndGlobalSection
	GlobalSection(ExtensibilityGlobals) = postSolution
		SolutionGuid = {9828B793-1AFB-4EA0-B158-64CD44EC535D}
	EndGlobalSection
EndGlobal
